
Microsoft Visual Studio Solution File, Format Version 12.00
# Visual Studio 2012
Project("{FAE04EC0-301F-11D3-BF4B-00C04F79EFBC}") = "MvcApplication", "MvcApplication\MvcApplication.csproj", "{F6C0B724-ECA2-4AB0-9D3B-0C65DD53915A}"
EndProject
Project("{FAE04EC0-301F-11D3-BF4B-00C04F79EFBC}") = "ConsoleApplication", "ConsoleApplication\ConsoleApplication.csproj", "{0A6C723B-3E5B-455E-A9F0-D062AD866014}"
EndProject
Project("{FAE04EC0-301F-11D3-BF4B-00C04F79EFBC}") = "Messenger", "Messenger\Messenger.csproj", "{F58202E0-0654-4BFC-A6E5-1455D9D6258C}"
EndProject
Global
	GlobalSection(SolutionConfigurationPlatforms) = preSolution
		Debug|Any CPU = Debug|Any CPU
		Release|Any CPU = Release|Any CPU
	EndGlobalSection
	GlobalSection(ProjectConfigurationPlatforms) = postSolution
		{F6C0B724-ECA2-4AB0-9D3B-0C65DD53915A}.Debug|Any CPU.ActiveCfg = Debug|Any CPU
		{F6C0B724-ECA2-4AB0-9D3B-0C65DD53915A}.Debug|Any CPU.Build.0 = Debug|Any CPU
		{F6C0B724-ECA2-4AB0-9D3B-0C65DD53915A}.Release|Any CPU.ActiveCfg = Release|Any CPU
		{F6C0B724-ECA2-4AB0-9D3B-0C65DD53915A}.Release|Any CPU.Build.0 = Release|Any CPU
		{0A6C723B-3E5B-455E-A9F0-D062AD866014}.Debug|Any CPU.ActiveCfg = Debug|Any CPU
		{0A6C723B-3E5B-455E-A9F0-D062AD866014}.Debug|Any CPU.Build.0 = Debug|Any CPU
		{0A6C723B-3E5B-455E-A9F0-D062AD866014}.Release|Any CPU.ActiveCfg = Release|Any CPU
		{0A6C723B-3E5B-455E-A9F0-D062AD866014}.Release|Any CPU.Build.0 = Release|Any CPU
		{F58202E0-0654-4BFC-A6E5-1455D9D6258C}.Debug|Any CPU.ActiveCfg = Debug|Any CPU
		{F58202E0-0654-4BFC-A6E5-1455D9D6258C}.Debug|Any CPU.Build.0 = Debug|Any CPU
		{F58202E0-0654-4BFC-A6E5-1455D9D6258C}.Release|Any CPU.ActiveCfg = Release|Any CPU
		{F58202E0-0654-4BFC-A6E5-1455D9D6258C}.Release|Any CPU.Build.0 = Release|Any CPU
	EndGlobalSection
	GlobalSection(SolutionProperties) = preSolution
		HideSolutionNode = FALSE
	EndGlobalSection
EndGlobal
